{
  "name": "etherlink-tests",
  "version": "1.0.0",
  "lockfileVersion": 3,
  "requires": true,
  "packages": {
    "": {
      "name": "etherlink-tests",
      "version": "1.0.0",
      "license": "ISC",
      "devDependencies": {
        "prettier": "^3.6.2",
        "prettier-plugin-solidity": "^2.1.0"
      }
    },
    "node_modules/@bytecodealliance/preview2-shim": {
      "version": "0.17.2",
      "resolved": "https://registry.npmjs.org/@bytecodealliance/preview2-shim/-/preview2-shim-0.17.2.tgz",
      "integrity": "sha512-mNm/lblgES8UkVle8rGImXOz4TtL3eU3inHay/7TVchkKrb/lgcVvTK0+VAw8p5zQ0rgQsXm1j5dOlAAd+MeoA==",
      "dev": true,
      "license": "(Apache-2.0 WITH LLVM-exception)"
    },
    "node_modules/@nomicfoundation/slang": {
      "version": "1.2.0",
      "resolved": "https://registry.npmjs.org/@nomicfoundation/slang/-/slang-1.2.0.tgz",
      "integrity": "sha512-+04Z1RHbbz0ldDbHKQFOzveCdI9Rd3TZZu7fno5hHy3OsqTo9UK5Jgqo68wMvRovCO99POv6oCEyO7+urGeN8Q==",
      "dev": true,
      "license": "MIT",
      "dependencies": {
        "@bytecodealliance/preview2-shim": "0.17.2"
      }
    },
    "node_modules/@solidity-parser/parser": {
      "version": "0.20.1",
      "resolved": "https://registry.npmjs.org/@solidity-parser/parser/-/parser-0.20.1.tgz",
      "integrity": "sha512-58I2sRpzaQUN+jJmWbHfbWf9AKfzqCI8JAdFB0vbyY+u8tBRcuTt9LxzasvR0LGQpcRv97eyV7l61FQ3Ib7zVw==",
      "dev": true,
      "license": "MIT"
    },
    "node_modules/prettier": {
      "version": "3.6.2",
      "resolved": "https://registry.npmjs.org/prettier/-/prettier-3.6.2.tgz",
      "integrity": "sha512-I7AIg5boAr5R0FFtJ6rCfD+LFsWHp81dolrFD8S79U9tb8Az2nGrJncnMSnys+bpQJfRUzqs9hnA81OAA3hCuQ==",
      "dev": true,
      "license": "MIT",
      "bin": {
        "prettier": "bin/prettier.cjs"
      },
      "engines": {
        "node": ">=14"
      },
      "funding": {
        "url": "https://github.com/prettier/prettier?sponsor=1"
      }
    },
    "node_modules/prettier-plugin-solidity": {
      "version": "2.1.0",
      "resolved": "https://registry.npmjs.org/prettier-plugin-solidity/-/prettier-plugin-solidity-2.1.0.tgz",
      "integrity": "sha512-O5HX4/PCE5aqiaEiNGbSRLbSBZQ6kLswAav5LBSewwzhT+sZlN6iAaLZlZcJzPEnIAxwLEHP03xKEg92fflT9Q==",
      "dev": true,
      "license": "MIT",
      "dependencies": {
        "@nomicfoundation/slang": "1.2.0",
        "@solidity-parser/parser": "^0.20.1",
        "semver": "^7.7.2"
      },
      "engines": {
        "node": ">=20"
      },
      "peerDependencies": {
        "prettier": ">=3.0.0"
      }
    },
    "node_modules/semver": {
      "version": "7.7.2",
      "resolved": "https://registry.npmjs.org/semver/-/semver-7.7.2.tgz",
      "integrity": "sha512-RF0Fw+rO5AMf9MAyaRXI4AV0Ulj5lMHqVxxdSgiVbixSCXoEmmX/jk0CuJw4+3SqroYO9VoUh+HcuJivvtJemA==",
      "dev": true,
      "license": "ISC",
      "bin": {
        "semver": "bin/semver.js"
      },
      "engines": {
        "node": ">=10"
      }
    }
  }
}
